{
    "_readme": [
        "This file locks the dependencies of your project to a known state",
        "Read more about it at https://getcomposer.org/doc/01-basic-usage.md#composer-lock-the-lock-file",
        "This file is @generated automatically"
    ],
    "content-hash": "1a2f95c66026c1d861c69630ed327816",
    "packages": [
        {
            "name": "php-slang/php-slang",
            "version": "v0.1.4",
            "source": {
                "type": "git",
                "url": "https://github.com/php-slang/php-slang.git",
                "reference": "a65305b8a567c2449f7c4af4f6dec705f01a7345"
            },
            "dist": {
                "type": "zip",
                "url": "https://api.github.com/repos/php-slang/php-slang/zipball/a65305b8a567c2449f7c4af4f6dec705f01a7345",
                "reference": "a65305b8a567c2449f7c4af4f6dec705f01a7345",
                "shasum": ""
            },
            "require": {
                "php": "~7.0"
            },
            "require-dev": {
                "humbug/humbug": "~1.0@dev",
                "phpunit/phpunit": "~5.5"
            },
            "type": "library",
            "autoload": {
                "psr-0": {
                    "PhpSlang\\": "src/"
                }
            },
            "notification-url": "https://packagist.org/downloads/",
            "license": [
                "Apache2"
            ],
            "authors": [
                {
                    "name": "Witold Adamus",
                    "email": "witold.adamus@xsolve.pl"
                }
            ],
            "description": "PHPSlang is a library that allow you to write a purely functional code in PHP",
            "keywords": [
                "collections",
                "either",
                "fp",
                "functionalprogramming",
                "future",
                "immutability",
                "immutable",
                "lazy",
                "monad",
                "option",
                "parallel",
                "patternmatching",
                "propertytesting",
                "purelyfunctional",
                "touple",
                "trampolines",
                "try",
                "validation"
            ],
            "time": "2017-02-07T09:50:50+00:00"
        }
    ],
    "packages-dev": [],
    "aliases": [],
    "minimum-stability": "stable",
    "stability-flags": [],
    "prefer-stable": false,
    "prefer-lowest": false,
    "platform": [],
    "platform-dev": []
}
